
Microsoft Visual Studio Solution File, Format Version 12.00
# Visual Studio Version 17
VisualStudioVersion = 17.11.35312.102
MinimumVisualStudioVersion = 10.0.40219.1
Project("{9A19103F-16F7-4668-BE54-9A1E7A4F7556}") = "Assignments", "Assignments\Assignments.csproj", "{20C06A0E-2A46-4932-943E-2554DE3944D9}"
EndProject
Global
	GlobalSection(SolutionConfigurationPlatforms) = preSolution
		Debug|Any CPU = Debug|Any CPU
		Release|Any CPU = Release|Any CPU
	EndGlobalSection
	GlobalSection(ProjectConfigurationPlatforms) = postSolution
		{20C06A0E-2A46-4932-943E-2554DE3944D9}.Debug|Any CPU.ActiveCfg = Debug|Any CPU
		{20C06A0E-2A46-4932-943E-2554DE3944D9}.Debug|Any CPU.Build.0 = Debug|Any CPU
		{20C06A0E-2A46-4932-943E-2554DE3944D9}.Release|Any CPU.ActiveCfg = Release|Any CPU
		{20C06A0E-2A46-4932-943E-2554DE3944D9}.Release|Any CPU.Build.0 = Release|Any CPU
	EndGlobalSection
	GlobalSection(SolutionProperties) = preSolution
		HideSolutionNode = FALSE
	EndGlobalSection
	GlobalSection(ExtensibilityGlobals) = postSolution
		SolutionGuid = {52CC34CD-7BF1-4B6D-99F8-557A2F8CA674}
	EndGlobalSection
EndGlobal
